
Microsoft Visual Studio Solution File, Format Version 12.00
# Visual Studio Version 17
VisualStudioVersion = 17.7.34031.279
MinimumVisualStudioVersion = 10.0.40219.1
Project("{2150E333-8FDC-42A3-9474-1A3956D46DE8}") = "src", "src", "{727855AD-6981-4F01-9A0D-FE23223D2402}"
EndProject
Project("{2150E333-8FDC-42A3-9474-1A3956D46DE8}") = "ExternalServices", "ExternalServices", "{42BF9B8E-9E46-479B-884E-357F81A159A5}"
EndProject
Project("{2150E333-8FDC-42A3-9474-1A3956D46DE8}") = "Microservices", "Microservices", "{742889C8-C2A8-4EF4-A667-3745D8382C7B}"
EndProject
Project("{2150E333-8FDC-42A3-9474-1A3956D46DE8}") = "Gateways", "Gateways", "{94D25E84-F0DD-4F19-828A-6B750F58F14D}"
EndProject
Project("{2150E333-8FDC-42A3-9474-1A3956D46DE8}") = "Common", "Common", "{8E8C8731-88C6-4380-89A7-67A9D16C5721}"
EndProject
Project("{2150E333-8FDC-42A3-9474-1A3956D46DE8}") = "Catalog", "Catalog", "{CE94C344-8AB1-465C-96B3-3B2A5260B36C}"
EndProject
Project("{2150E333-8FDC-42A3-9474-1A3956D46DE8}") = "Solution Items", "Solution Items", "{C9068223-4FA0-48D8-BAB9-628B32356AB3}"
	ProjectSection(SolutionItems) = preProject
		Ports.txt = Ports.txt
	EndProjectSection
EndProject
Project("{9A19103F-16F7-4668-BE54-9A1E7A4F7556}") = "UdemyMS.Microservices.Catalog.Entities", "src\Microservices\Catalog\UdemyMS.Microservices.Catalog.Entities\UdemyMS.Microservices.Catalog.Entities.csproj", "{FB4F675D-0101-4761-A652-A31A730CF02A}"
EndProject
Project("{9A19103F-16F7-4668-BE54-9A1E7A4F7556}") = "UdemyMS.Common.Core", "src\Common\UdemyMS.Common.Core\UdemyMS.Common.Core.csproj", "{A43D35CD-BD74-4BFB-8378-267DE4124CFA}"
EndProject
Project("{9A19103F-16F7-4668-BE54-9A1E7A4F7556}") = "UdemyMS.Microservices.Catalog.WebApi", "src\Microservices\Catalog\UdemyMS.Microservices.Catalog.WebApi\UdemyMS.Microservices.Catalog.WebApi.csproj", "{7DA41F0F-41C1-4460-BC79-C49A7F40B05F}"
EndProject
Project("{9A19103F-16F7-4668-BE54-9A1E7A4F7556}") = "UdemyMS.Microservices.Catalog.Interfaces", "src\Microservices\Catalog\UdemyMS.Microservices.Catalog.Interfaces\UdemyMS.Microservices.Catalog.Interfaces.csproj", "{CC9A923B-9E37-49F8-8775-FA498627148A}"
EndProject
Project("{9A19103F-16F7-4668-BE54-9A1E7A4F7556}") = "UdemyMS.Microservices.Catalog.Infrastructure", "src\Microservices\Catalog\UdemyMS.Microservices.Catalog.Infrastructure\UdemyMS.Microservices.Catalog.Infrastructure.csproj", "{0B2FB7DF-B903-4374-9D03-F881916C637A}"
EndProject
Project("{FAE04EC0-301F-11D3-BF4B-00C04F79EFBC}") = "UdemyMS.Common.Web", "src\Common\UdemyMS.Common.Web\UdemyMS.Common.Web.csproj", "{481DE6FC-359A-4A8C-B4F7-B6C251D0B379}"
EndProject
Project("{FAE04EC0-301F-11D3-BF4B-00C04F79EFBC}") = "UdemyMS.Common.Utilities", "src\Common\UdemyMS.Common.Utilities\UdemyMS.Common.Utilities.csproj", "{D378EC96-7925-43FB-A767-79C858240290}"
EndProject
Global
	GlobalSection(SolutionConfigurationPlatforms) = preSolution
		Debug|Any CPU = Debug|Any CPU
		Release|Any CPU = Release|Any CPU
	EndGlobalSection
	GlobalSection(ProjectConfigurationPlatforms) = postSolution
		{FB4F675D-0101-4761-A652-A31A730CF02A}.Debug|Any CPU.ActiveCfg = Debug|Any CPU
		{FB4F675D-0101-4761-A652-A31A730CF02A}.Debug|Any CPU.Build.0 = Debug|Any CPU
		{FB4F675D-0101-4761-A652-A31A730CF02A}.Release|Any CPU.ActiveCfg = Release|Any CPU
		{FB4F675D-0101-4761-A652-A31A730CF02A}.Release|Any CPU.Build.0 = Release|Any CPU
		{A43D35CD-BD74-4BFB-8378-267DE4124CFA}.Debug|Any CPU.ActiveCfg = Debug|Any CPU
		{A43D35CD-BD74-4BFB-8378-267DE4124CFA}.Debug|Any CPU.Build.0 = Debug|Any CPU
		{A43D35CD-BD74-4BFB-8378-267DE4124CFA}.Release|Any CPU.ActiveCfg = Release|Any CPU
		{A43D35CD-BD74-4BFB-8378-267DE4124CFA}.Release|Any CPU.Build.0 = Release|Any CPU
		{7DA41F0F-41C1-4460-BC79-C49A7F40B05F}.Debug|Any CPU.ActiveCfg = Debug|Any CPU
		{7DA41F0F-41C1-4460-BC79-C49A7F40B05F}.Debug|Any CPU.Build.0 = Debug|Any CPU
		{7DA41F0F-41C1-4460-BC79-C49A7F40B05F}.Release|Any CPU.ActiveCfg = Release|Any CPU
		{7DA41F0F-41C1-4460-BC79-C49A7F40B05F}.Release|Any CPU.Build.0 = Release|Any CPU
		{CC9A923B-9E37-49F8-8775-FA498627148A}.Debug|Any CPU.ActiveCfg = Debug|Any CPU
		{CC9A923B-9E37-49F8-8775-FA498627148A}.Debug|Any CPU.Build.0 = Debug|Any CPU
		{CC9A923B-9E37-49F8-8775-FA498627148A}.Release|Any CPU.ActiveCfg = Release|Any CPU
		{CC9A923B-9E37-49F8-8775-FA498627148A}.Release|Any CPU.Build.0 = Release|Any CPU
		{0B2FB7DF-B903-4374-9D03-F881916C637A}.Debug|Any CPU.ActiveCfg = Debug|Any CPU
		{0B2FB7DF-B903-4374-9D03-F881916C637A}.Debug|Any CPU.Build.0 = Debug|Any CPU
		{0B2FB7DF-B903-4374-9D03-F881916C637A}.Release|Any CPU.ActiveCfg = Release|Any CPU
		{0B2FB7DF-B903-4374-9D03-F881916C637A}.Release|Any CPU.Build.0 = Release|Any CPU
		{481DE6FC-359A-4A8C-B4F7-B6C251D0B379}.Debug|Any CPU.ActiveCfg = Debug|Any CPU
		{481DE6FC-359A-4A8C-B4F7-B6C251D0B379}.Debug|Any CPU.Build.0 = Debug|Any CPU
		{481DE6FC-359A-4A8C-B4F7-B6C251D0B379}.Release|Any CPU.ActiveCfg = Release|Any CPU
		{481DE6FC-359A-4A8C-B4F7-B6C251D0B379}.Release|Any CPU.Build.0 = Release|Any CPU
		{D378EC96-7925-43FB-A767-79C858240290}.Debug|Any CPU.ActiveCfg = Debug|Any CPU
		{D378EC96-7925-43FB-A767-79C858240290}.Debug|Any CPU.Build.0 = Debug|Any CPU
		{D378EC96-7925-43FB-A767-79C858240290}.Release|Any CPU.ActiveCfg = Release|Any CPU
		{D378EC96-7925-43FB-A767-79C858240290}.Release|Any CPU.Build.0 = Release|Any CPU
	EndGlobalSection
	GlobalSection(SolutionProperties) = preSolution
		HideSolutionNode = FALSE
	EndGlobalSection
	GlobalSection(NestedProjects) = preSolution
		{42BF9B8E-9E46-479B-884E-357F81A159A5} = {727855AD-6981-4F01-9A0D-FE23223D2402}
		{742889C8-C2A8-4EF4-A667-3745D8382C7B} = {727855AD-6981-4F01-9A0D-FE23223D2402}
		{94D25E84-F0DD-4F19-828A-6B750F58F14D} = {727855AD-6981-4F01-9A0D-FE23223D2402}
		{8E8C8731-88C6-4380-89A7-67A9D16C5721} = {727855AD-6981-4F01-9A0D-FE23223D2402}
		{CE94C344-8AB1-465C-96B3-3B2A5260B36C} = {742889C8-C2A8-4EF4-A667-3745D8382C7B}
		{FB4F675D-0101-4761-A652-A31A730CF02A} = {CE94C344-8AB1-465C-96B3-3B2A5260B36C}
		{A43D35CD-BD74-4BFB-8378-267DE4124CFA} = {8E8C8731-88C6-4380-89A7-67A9D16C5721}
		{7DA41F0F-41C1-4460-BC79-C49A7F40B05F} = {CE94C344-8AB1-465C-96B3-3B2A5260B36C}
		{CC9A923B-9E37-49F8-8775-FA498627148A} = {CE94C344-8AB1-465C-96B3-3B2A5260B36C}
		{0B2FB7DF-B903-4374-9D03-F881916C637A} = {CE94C344-8AB1-465C-96B3-3B2A5260B36C}
		{481DE6FC-359A-4A8C-B4F7-B6C251D0B379} = {8E8C8731-88C6-4380-89A7-67A9D16C5721}
		{D378EC96-7925-43FB-A767-79C858240290} = {8E8C8731-88C6-4380-89A7-67A9D16C5721}
	EndGlobalSection
	GlobalSection(ExtensibilityGlobals) = postSolution
		SolutionGuid = {6A628549-523B-40DA-97F0-65E5DE0ADC72}
	EndGlobalSection
EndGlobal
